
Microsoft Visual Studio Solution File, Format Version 12.00
# Visual Studio Version 16
VisualStudioVersion = 16.0.30907.101
MinimumVisualStudioVersion = 10.0.40219.1
Project("{FAE04EC0-301F-11D3-BF4B-00C04F79EFBC}") = "Journey APP", "Journey APP.csproj", "{A197234C-EFFC-4D15-A2D2-FBE9D0C8A298}"
EndProject
Global
	GlobalSection(SolutionConfigurationPlatforms) = preSolution
		Debug|Any CPU = Debug|Any CPU
		Release|Any CPU = Release|Any CPU
	EndGlobalSection
	GlobalSection(ProjectConfigurationPlatforms) = postSolution
		{A197234C-EFFC-4D15-A2D2-FBE9D0C8A298}.Debug|Any CPU.ActiveCfg = Debug|Any CPU
		{A197234C-EFFC-4D15-A2D2-FBE9D0C8A298}.Debug|Any CPU.Build.0 = Debug|Any CPU
		{A197234C-EFFC-4D15-A2D2-FBE9D0C8A298}.Release|Any CPU.ActiveCfg = Release|Any CPU
		{A197234C-EFFC-4D15-A2D2-FBE9D0C8A298}.Release|Any CPU.Build.0 = Release|Any CPU
	EndGlobalSection
	GlobalSection(SolutionProperties) = preSolution
		HideSolutionNode = FALSE
	EndGlobalSection
	GlobalSection(ExtensibilityGlobals) = postSolution
		SolutionGuid = {7E38B361-CC6E-467A-A348-EBD4C0E4EF6E}
	EndGlobalSection
EndGlobal
